
Microsoft Visual Studio Solution File, Format Version 12.00
Project("{FAE04EC0-301F-11D3-BF4B-00C04F79EFBC}") = "StarWing.Framework", "StarWing.Framework\StarWing.Framework.csproj", "{1564043E-F977-4670-AF9A-A6272F4688E4}"
EndProject
Project("{FAE04EC0-301F-11D3-BF4B-00C04F79EFBC}") = "Tests", "Tests\Tests.csproj", "{7319A901-3FD3-489C-A635-F385F8514B1A}"
EndProject
Project("{FAE04EC0-301F-11D3-BF4B-00C04F79EFBC}") = "StarWing", "StarWing\StarWing.csproj", "{C1E8F8CD-83C1-4804-BFA4-04D580CB21DD}"
EndProject
Global
	GlobalSection(SolutionConfigurationPlatforms) = preSolution
		Debug|Any CPU = Debug|Any CPU
		Release|Any CPU = Release|Any CPU
	EndGlobalSection
	GlobalSection(ProjectConfigurationPlatforms) = postSolution
		{1564043E-F977-4670-AF9A-A6272F4688E4}.Debug|Any CPU.ActiveCfg = Debug|Any CPU
		{1564043E-F977-4670-AF9A-A6272F4688E4}.Debug|Any CPU.Build.0 = Debug|Any CPU
		{1564043E-F977-4670-AF9A-A6272F4688E4}.Release|Any CPU.ActiveCfg = Release|Any CPU
		{1564043E-F977-4670-AF9A-A6272F4688E4}.Release|Any CPU.Build.0 = Release|Any CPU
		{7319A901-3FD3-489C-A635-F385F8514B1A}.Debug|Any CPU.ActiveCfg = Debug|Any CPU
		{7319A901-3FD3-489C-A635-F385F8514B1A}.Debug|Any CPU.Build.0 = Debug|Any CPU
		{7319A901-3FD3-489C-A635-F385F8514B1A}.Release|Any CPU.ActiveCfg = Release|Any CPU
		{7319A901-3FD3-489C-A635-F385F8514B1A}.Release|Any CPU.Build.0 = Release|Any CPU
		{C1E8F8CD-83C1-4804-BFA4-04D580CB21DD}.Debug|Any CPU.ActiveCfg = Debug|Any CPU
		{C1E8F8CD-83C1-4804-BFA4-04D580CB21DD}.Debug|Any CPU.Build.0 = Debug|Any CPU
		{C1E8F8CD-83C1-4804-BFA4-04D580CB21DD}.Release|Any CPU.ActiveCfg = Release|Any CPU
		{C1E8F8CD-83C1-4804-BFA4-04D580CB21DD}.Release|Any CPU.Build.0 = Release|Any CPU
	EndGlobalSection
EndGlobal
